
Microsoft Visual Studio Solution File, Format Version 12.00
# Visual Studio Version 17
VisualStudioVersion = 17.10.35027.167
MinimumVisualStudioVersion = 10.0.40219.1
Project("{9A19103F-16F7-4668-BE54-9A1E7A4F7556}") = "Client", "Client\Client.csproj", "{3A2C65DE-02D6-4D78-8F0A-05FC662EB6AB}"
EndProject
Project("{9A19103F-16F7-4668-BE54-9A1E7A4F7556}") = "Server", "Server\Server.csproj", "{C1563D1F-00A8-4A08-8A25-07F3E9CB327B}"
EndProject
Global
	GlobalSection(SolutionConfigurationPlatforms) = preSolution
		Debug|Any CPU = Debug|Any CPU
		Release|Any CPU = Release|Any CPU
	EndGlobalSection
	GlobalSection(ProjectConfigurationPlatforms) = postSolution
		{3A2C65DE-02D6-4D78-8F0A-05FC662EB6AB}.Debug|Any CPU.ActiveCfg = Debug|Any CPU
		{3A2C65DE-02D6-4D78-8F0A-05FC662EB6AB}.Debug|Any CPU.Build.0 = Debug|Any CPU
		{3A2C65DE-02D6-4D78-8F0A-05FC662EB6AB}.Release|Any CPU.ActiveCfg = Release|Any CPU
		{3A2C65DE-02D6-4D78-8F0A-05FC662EB6AB}.Release|Any CPU.Build.0 = Release|Any CPU
		{C1563D1F-00A8-4A08-8A25-07F3E9CB327B}.Debug|Any CPU.ActiveCfg = Debug|Any CPU
		{C1563D1F-00A8-4A08-8A25-07F3E9CB327B}.Debug|Any CPU.Build.0 = Debug|Any CPU
		{C1563D1F-00A8-4A08-8A25-07F3E9CB327B}.Release|Any CPU.ActiveCfg = Release|Any CPU
		{C1563D1F-00A8-4A08-8A25-07F3E9CB327B}.Release|Any CPU.Build.0 = Release|Any CPU
	EndGlobalSection
	GlobalSection(SolutionProperties) = preSolution
		HideSolutionNode = FALSE
	EndGlobalSection
	GlobalSection(ExtensibilityGlobals) = postSolution
		SolutionGuid = {96471D94-940F-4B55-805C-610D5CDD1348}
	EndGlobalSection
EndGlobal
